// !$*UTF8*$!
{
	archiveVersion = 1;
	classes = {
	};
	objectVersion = 46;
	objects = {

/* Begin PBXBuildFile section */
		89CBDA761BB3B60500977804 /* AppDelegate.swift in Sources */ = {isa = PBXBuildFile; fileRef = 89CBDA751BB3B60500977804 /* AppDelegate.swift */; };
		89CBDA781BB3B60500977804 /* ViewController.swift in Sources */ = {isa = PBXBuildFile; fileRef = 89CBDA771BB3B60500977804 /* ViewController.swift */; };
		89CBDA7B1BB3B60500977804 /* Main.storyboard in Resources */ = {isa = PBXBuildFile; fileRef = 89CBDA791BB3B60500977804 /* Main.storyboard */; };
		89CBDA7D1BB3B60500977804 /* Assets.xcassets in Resources */ = {isa = PBXBuildFile; fileRef = 89CBDA7C1BB3B60500977804 /* Assets.xcassets */; };
		89CBDA801BB3B60500977804 /* LaunchScreen.storyboard in Resources */ = {isa = PBXBuildFile; fileRef = 89CBDA7E1BB3B60500977804 /* LaunchScreen.storyboard */; };
		89CBDA8B1BB3B60500977804 /* ios_orientationTests.swift in Sources */ = {isa = PBXBuildFile; fileRef = 89CBDA8A1BB3B60500977804 /* ios_orientationTests.swift */; };
		89CBDA961BB3B60500977804 /* ios_orientationUITests.swift in Sources */ = {isa = PBXBuildFile; fileRef = 89CBDA951BB3B60500977804 /* ios_orientationUITests.swift */; };
		89CBDAA41BB3B67C00977804 /* .gitignore in Resources */ = {isa = PBXBuildFile; fileRef = 89CBDAA31BB3B67C00977804 /* .gitignore */; settings = {ASSET_TAGS = (); }; };
/* End PBXBuildFile section */

/* Begin PBXContainerItemProxy section */
		89CBDA871BB3B60500977804 /* PBXContainerItemProxy */ = {
			isa = PBXContainerItemProxy;
			containerPortal = 89CBDA6A1BB3B60500977804 /* Project object */;
			proxyType = 1;
			remoteGlobalIDString = 89CBDA711BB3B60500977804;
			remoteInfo = "ios-orientation";
		};
		89CBDA921BB3B60500977804 /* PBXContainerItemProxy */ = {
			isa = PBXContainerItemProxy;
			containerPortal = 89CBDA6A1BB3B60500977804 /* Project object */;
			proxyType = 1;
			remoteGlobalIDString = 89CBDA711BB3B60500977804;
			remoteInfo = "ios-orientation";
		};
/* End PBXContainerItemProxy section */

/* Begin PBXFileReference section */
		89CBDA721BB3B60500977804 /* ios-orientation.app */ = {isa = PBXFileReference; explicitFileType = wrapper.application; includeInIndex = 0; path = "ios-orientation.app"; sourceTree = BUILT_PRODUCTS_DIR; };
		89CBDA751BB3B60500977804 /* AppDelegate.swift */ = {isa = PBXFileReference; lastKnownFileType = sourcecode.swift; path = AppDelegate.swift; sourceTree = "<group>"; };
		89CBDA771BB3B60500977804 /* ViewController.swift */ = {isa = PBXFileReference; lastKnownFileType = sourcecode.swift; path = ViewController.swift; sourceTree = "<group>"; };
		89CBDA7A1BB3B60500977804 /* Base */ = {isa = PBXFileReference; lastKnownFileType = file.storyboard; name = Base; path = Base.lproj/Main.storyboard; sourceTree = "<group>"; };
		89CBDA7C1BB3B60500977804 /* Assets.xcassets */ = {isa = PBXFileReference; lastKnownFileType = folder.assetcatalog; path = Assets.xcassets; sourceTree = "<group>"; };
		89CBDA7F1BB3B60500977804 /* Base */ = {isa = PBXFileReference; lastKnownFileType = file.storyboard; name = Base; path = Base.lproj/LaunchScreen.storyboard; sourceTree = "<group>"; };
		89CBDA811BB3B60500977804 /* Info.plist */ = {isa = PBXFileReference; lastKnownFileType = text.plist.xml; path = Info.plist; sourceTree = "<group>"; };
		89CBDA861BB3B60500977804 /* ios-orientationTests.xctest */ = {isa = PBXFileReference; explicitFileType = wrapper.cfbundle; includeInIndex = 0; path = "ios-orientationTests.xctest"; sourceTree = BUILT_PRODUCTS_DIR; };
		89CBDA8A1BB3B60500977804 /* ios_orientationTests.swift */ = {isa = PBXFileReference; lastKnownFileType = sourcecode.swift; path = ios_orientationTests.swift; sourceTree = "<group>"; };
		89CBDA8C1BB3B60500977804 /* Info.plist */ = {isa = PBXFileReference; lastKnownFileType = text.plist.xml; path = Info.plist; sourceTree = "<group>"; };
		89CBDA911BB3B60500977804 /* ios-orientationUITests.xctest */ = {isa = PBXFileReference; explicitFileType = wrapper.cfbundle; includeInIndex = 0; path = "ios-orientationUITests.xctest"; sourceTree = BUILT_PRODUCTS_DIR; };
		89CBDA951BB3B60500977804 /* ios_orientationUITests.swift */ = {isa = PBXFileReference; lastKnownFileType = sourcecode.swift; path = ios_orientationUITests.swift; sourceTree = "<group>"; };
		89CBDA971BB3B60500977804 /* Info.plist */ = {isa = PBXFileReference; lastKnownFileType = text.plist.xml; path = Info.plist; sourceTree = "<group>"; };
		89CBDAA31BB3B67C00977804 /* .gitignore */ = {isa = PBXFileReference; fileEncoding = 4; lastKnownFileType = text; path = .gitignore; sourceTree = "<group>"; };
/* End PBXFileReference section */

/* Begin PBXFrameworksBuildPhase section */
		89CBDA6F1BB3B60500977804 /* Frameworks */ = {
			isa = PBXFrameworksBuildPhase;
			buildActionMask = 2147483647;
			files = (
			);
			runOnlyForDeploymentPostprocessing = 0;
		};
		89CBDA831BB3B60500977804 /* Frameworks */ = {
			isa = PBXFrameworksBuildPhase;
			buildActionMask = 2147483647;
			files = (
			);
			runOnlyForDeploymentPostprocessing = 0;
		};
		89CBDA8E1BB3B60500977804 /* Frameworks */ = {
			isa = PBXFrameworksBuildPhase;
			buildActionMask = 2147483647;
			files = (
			);
			runOnlyForDeploymentPostprocessing = 0;
		};
/* End PBXFrameworksBuildPhase section */

/* Begin PBXGroup section */
		89CBDA691BB3B60500977804 = {
			isa = PBXGroup;
			children = (
				89CBDAA31BB3B67C00977804 /* .gitignore */,
				89CBDA741BB3B60500977804 /* ios-orientation */,
				89CBDA891BB3B60500977804 /* ios-orientationTests */,
				89CBDA941BB3B60500977804 /* ios-orientationUITests */,
				89CBDA731BB3B60500977804 /* Products */,
			);
			sourceTree = "<group>";
		};
		89CBDA731BB3B60500977804 /* Products */ = {
			isa = PBXGroup;
			children = (
				89CBDA721BB3B60500977804 /* ios-orientation.app */,
				89CBDA861BB3B60500977804 /* ios-orientationTests.xctest */,
				89CBDA911BB3B60500977804 /* ios-orientationUITests.xctest */,
			);
			name = Products;
			sourceTree = "<group>";
		};
		89CBDA741BB3B60500977804 /* ios-orientation */ = {
			isa = PBXGroup;
			children = (
				89CBDA751BB3B60500977804 /* AppDelegate.swift */,
				89CBDA771BB3B60500977804 /* ViewController.swift */,
				89CBDA791BB3B60500977804 /* Main.storyboard */,
				89CBDA7C1BB3B60500977804 /* Assets.xcassets */,
				89CBDA7E1BB3B60500977804 /* LaunchScreen.storyboard */,
				89CBDA811BB3B60500977804 /* Info.plist */,
			);
			path = "ios-orientation";
			sourceTree = "<group>";
		};
		89CBDA891BB3B60500977804 /* ios-orientationTests */ = {
			isa = PBXGroup;
			children = (
				89CBDA8A1BB3B60500977804 /* ios_orientationTests.swift */,
				89CBDA8C1BB3B60500977804 /* Info.plist */,
			);
			path = "ios-orientationTests";
			sourceTree = "<group>";
		};
		89CBDA941BB3B60500977804 /* ios-orientationUITests */ = {
			isa = PBXGroup;
			children = (
				89CBDA951BB3B60500977804 /* ios_orientationUITests.swift */,
				89CBDA971BB3B60500977804 /* Info.plist */,
			);
			path = "ios-orientationUITests";
			sourceTree = "<group>";
		};
/* End PBXGroup section */

/* Begin PBXNativeTarget section */
		89CBDA711BB3B60500977804 /* ios-orientation */ = {
			isa = PBXNativeTarget;
			buildConfigurationList = 89CBDA9A1BB3B60500977804 /* Build configuration list for PBXNativeTarget "ios-orientation" */;
			buildPhases = (
				89CBDA6E1BB3B60500977804 /* Sources */,
				89CBDA6F1BB3B60500977804 /* Frameworks */,
				89CBDA701BB3B60500977804 /* Resources */,
			);
			buildRules = (
			);
			dependencies = (
			);
			name = "ios-orientation";
			productName = "ios-orientation";
			productReference = 89CBDA721BB3B60500977804 /* ios-orientation.app */;
			productType = "com.apple.product-type.application";
		};
		89CBDA851BB3B60500977804 /* ios-orientationTests */ = {
			isa = PBXNativeTarget;
			buildConfigurationList = 89CBDA9D1BB3B60500977804 /* Build configuration list for PBXNativeTarget "ios-orientationTests" */;
			buildPhases = (
				89CBDA821BB3B60500977804 /* Sources */,
				89CBDA831BB3B60500977804 /* Frameworks */,
				89CBDA841BB3B60500977804 /* Resources */,
			);
			buildRules = (
			);
			dependencies = (
				89CBDA881BB3B60500977804 /* PBXTargetDependency */,
			);
			name = "ios-orientationTests";
			productName = "ios-orientationTests";
			productReference = 89CBDA861BB3B60500977804 /* ios-orientationTests.xctest */;
			productType = "com.apple.product-type.bundle.unit-test";
		};
		89CBDA901BB3B60500977804 /* ios-orientationUITests */ = {
			isa = PBXNativeTarget;
			buildConfigurationList = 89CBDAA01BB3B60500977804 /* Build configuration list for PBXNativeTarget "ios-orientationUITests" */;
			buildPhases = (
				89CBDA8D1BB3B60500977804 /* Sources */,
				89CBDA8E1BB3B60500977804 /* Frameworks */,
				89CBDA8F1BB3B60500977804 /* Resources */,
			);
			buildRules = (
			);
			dependencies = (
				89CBDA931BB3B60500977804 /* PBXTargetDependency */,
			);
			name = "ios-orientationUITests";
			productName = "ios-orientationUITests";
			productReference = 89CBDA911BB3B60500977804 /* ios-orientationUITests.xctest */;
			productType = "com.apple.product-type.bundle.ui-testing";
		};
/* End PBXNativeTarget section */

/* Begin PBXProject section */
		89CBDA6A1BB3B60500977804 /* Project object */ = {
			isa = PBXProject;
			attributes = {
				LastUpgradeCheck = 0700;
				ORGANIZATIONNAME = "Xiao Lu";
				TargetAttributes = {
					89CBDA711BB3B60500977804 = {
						CreatedOnToolsVersion = 7.0;
					};
					89CBDA851BB3B60500977804 = {
						CreatedOnToolsVersion = 7.0;
						TestTargetID = 89CBDA711BB3B60500977804;
					};
					89CBDA901BB3B60500977804 = {
						CreatedOnToolsVersion = 7.0;
						TestTargetID = 89CBDA711BB3B60500977804;
					};
				};
			};
			buildConfigurationList = 89CBDA6D1BB3B60500977804 /* Build configuration list for PBXProject "ios-orientation" */;
			compatibilityVersion = "Xcode 3.2";
			developmentRegion = English;
			hasScannedForEncodings = 0;
			knownRegions = (
				en,
				Base,
			);
			mainGroup = 89CBDA691BB3B60500977804;
			productRefGroup = 89CBDA731BB3B60500977804 /* Products */;
			projectDirPath = "";
			projectRoot = "";
			targets = (
				89CBDA711BB3B60500977804 /* ios-orientation */,
				89CBDA851BB3B60500977804 /* ios-orientationTests */,
				89CBDA901BB3B60500977804 /* ios-orientationUITests */,
			);
		};
/* End PBXProject section */

/* Begin PBXResourcesBuildPhase section */
		89CBDA701BB3B60500977804 /* Resources */ = {
			isa = PBXResourcesBuildPhase;
			buildActionMask = 2147483647;
			files = (
				89CBDAA41BB3B67C00977804 /* .gitignore in Resources */,
				89CBDA801BB3B60500977804 /* LaunchScreen.storyboard in Resources */,
				89CBDA7D1BB3B60500977804 /* Assets.xcassets in Resources */,
				89CBDA7B1BB3B60500977804 /* Main.storyboard in Resources */,
			);
			runOnlyForDeploymentPostprocessing = 0;
		};
		89CBDA841BB3B60500977804 /* Resources */ = {
			isa = PBXResourcesBuildPhase;
			buildActionMask = 2147483647;
			files = (
			);
			runOnlyForDeploymentPostprocessing = 0;
		};
		89CBDA8F1BB3B60500977804 /* Resources */ = {
			isa = PBXResourcesBuildPhase;
			buildActionMask = 2147483647;
			files = (
			);
			runOnlyForDeploymentPostprocessing = 0;
		};
/* End PBXResourcesBuildPhase section */

/* Begin PBXSourcesBuildPhase section */
		89CBDA6E1BB3B60500977804 /* Sources */ = {
			isa = PBXSourcesBuildPhase;
			buildActionMask = 2147483647;
			files = (
				89CBDA781BB3B60500977804 /* ViewController.swift in Sources */,
				89CBDA761BB3B60500977804 /* AppDelegate.swift in Sources */,
			);
			runOnlyForDeploymentPostprocessing = 0;
		};
		89CBDA821BB3B60500977804 /* Sources */ = {
			isa = PBXSourcesBuildPhase;
			buildActionMask = 2147483647;
			files = (
				89CBDA8B1BB3B60500977804 /* ios_orientationTests.swift in Sources */,
			);
			runOnlyForDeploymentPostprocessing = 0;
		};
		89CBDA8D1BB3B60500977804 /* Sources */ = {
			isa = PBXSourcesBuildPhase;
			buildActionMask = 2147483647;
			files = (
				89CBDA961BB3B60500977804 /* ios_orientationUITests.swift in Sources */,
			);
			runOnlyForDeploymentPostprocessing = 0;
		};
/* End PBXSourcesBuildPhase section */

/* Begin PBXTargetDependency section */
		89CBDA881BB3B60500977804 /* PBXTargetDependency */ = {
			isa = PBXTargetDependency;
			target = 89CBDA711BB3B60500977804 /* ios-orientation */;
			targetProxy = 89CBDA871BB3B60500977804 /* PBXContainerItemProxy */;
		};
		89CBDA931BB3B60500977804 /* PBXTargetDependency */ = {
			isa = PBXTargetDependency;
			target = 89CBDA711BB3B60500977804 /* ios-orientation */;
			targetProxy = 89CBDA921BB3B60500977804 /* PBXContainerItemProxy */;
		};
/* End PBXTargetDependency section */

/* Begin PBXVariantGroup section */
		89CBDA791BB3B60500977804 /* Main.storyboard */ = {
			isa = PBXVariantGroup;
			children = (
				89CBDA7A1BB3B60500977804 /* Base */,
			);
			name = Main.storyboard;
			sourceTree = "<group>";
		};
		89CBDA7E1BB3B60500977804 /* LaunchScreen.storyboard */ = {
			isa = PBXVariantGroup;
			children = (
				89CBDA7F1BB3B60500977804 /* Base */,
			);
			name = LaunchScreen.storyboard;
			sourceTree = "<group>";
		};
/* End PBXVariantGroup section */

/* Begin XCBuildConfiguration section */
		89CBDA981BB3B60500977804 /* Debug */ = {
			isa = XCBuildConfiguration;
			buildSettings = {
				ALWAYS_SEARCH_USER_PATHS = NO;
				CLANG_CXX_LANGUAGE_STANDARD = "gnu++0x";
				CLANG_CXX_LIBRARY = "libc++";
				CLANG_ENABLE_MODULES = YES;
				CLANG_ENABLE_OBJC_ARC = YES;
				CLANG_WARN_BOOL_CONVERSION = YES;
				CLANG_WARN_CONSTANT_CONVERSION = YES;
				CLANG_WARN_DIRECT_OBJC_ISA_USAGE = YES_ERROR;
				CLANG_WARN_EMPTY_BODY = YES;
				CLANG_WARN_ENUM_CONVERSION = YES;
				CLANG_WARN_INT_CONVERSION = YES;
				CLANG_WARN_OBJC_ROOT_CLASS = YES_ERROR;
				CLANG_WARN_UNREACHABLE_CODE = YES;
				CLANG_WARN__DUPLICATE_METHOD_MATCH = YES;
				"CODE_SIGN_IDENTITY[sdk=iphoneos*]" = "iPhone Developer";
				COPY_PHASE_STRIP = NO;
				DEBUG_INFORMATION_FORMAT = dwarf;
				ENABLE_STRICT_OBJC_MSGSEND = YES;
				ENABLE_TESTABILITY = YES;
				GCC_C_LANGUAGE_STANDARD = gnu99;
				GCC_DYNAMIC_NO_PIC = NO;
				GCC_NO_COMMON_BLOCKS = YES;
				GCC_OPTIMIZATION_LEVEL = 0;
				GCC_PREPROCESSOR_DEFINITIONS = (
					"DEBUG=1",
					"$(inherited)",
				);
				GCC_WARN_64_TO_32_BIT_CONVERSION = YES;
				GCC_WARN_ABOUT_RETURN_TYPE = YES_ERROR;
				GCC_WARN_UNDECLARED_SELECTOR = YES;
				GCC_WARN_UNINITIALIZED_AUTOS = YES_AGGRESSIVE;
				GCC_WARN_UNUSED_FUNCTION = YES;
				GCC_WARN_UNUSED_VARIABLE = YES;
				IPHONEOS_DEPLOYMENT_TARGET = 9.0;
				MTL_ENABLE_DEBUG_INFO = YES;
				ONLY_ACTIVE_ARCH = YES;
				SDKROOT = iphoneos;
				SWIFT_OPTIMIZATION_LEVEL = "-Onone";
				TARGETED_DEVICE_FAMILY = "1,2";
			};
			name = Debug;
		};
		89CBDA991BB3B60500977804 /* Release */ = {
			isa = XCBuildConfiguration;
			buildSettings = {
				ALWAYS_SEARCH_USER_PATHS = NO;
				CLANG_CXX_LANGUAGE_STANDARD = "gnu++0x";
				CLANG_CXX_LIBRARY = "libc++";
				CLANG_ENABLE_MODULES = YES;
				CLANG_ENABLE_OBJC_ARC = YES;
				CLANG_WARN_BOOL_CONVERSION = YES;
				CLANG_WARN_CONSTANT_CONVERSION = YES;
				CLANG_WARN_DIRECT_OBJC_ISA_USAGE = YES_ERROR;
				CLANG_WARN_EMPTY_BODY = YES;
				CLANG_WARN_ENUM_CONVERSION = YES;
				CLANG_WARN_INT_CONVERSION = YES;
				CLANG_WARN_OBJC_ROOT_CLASS = YES_ERROR;
				CLANG_WARN_UNREACHABLE_CODE = YES;
				CLANG_WARN__DUPLICATE_METHOD_MATCH = YES;
				"CODE_SIGN_IDENTITY[sdk=iphoneos*]" = "iPhone Developer";
				COPY_PHASE_STRIP = NO;
				DEBUG_INFORMATION_FORMAT = "dwarf-with-dsym";
				ENABLE_NS_ASSERTIONS = NO;
				ENABLE_STRICT_OBJC_MSGSEND = YES;
				GCC_C_LANGUAGE_STANDARD = gnu99;
				GCC_NO_COMMON_BLOCKS = YES;
				GCC_WARN_64_TO_32_BIT_CONVERSION = YES;
				GCC_WARN_ABOUT_RETURN_TYPE = YES_ERROR;
				GCC_WARN_UNDECLARED_SELECTOR = YES;
				GCC_WARN_UNINITIALIZED_AUTOS = YES_AGGRESSIVE;
				GCC_WARN_UNUSED_FUNCTION = YES;
				GCC_WARN_UNUSED_VARIABLE = YES;
				IPHONEOS_DEPLOYMENT_TARGET = 9.0;
				MTL_ENABLE_DEBUG_INFO = NO;
				SDKROOT = iphoneos;
				TARGETED_DEVICE_FAMILY = "1,2";
				VALIDATE_PRODUCT = YES;
			};
			name = Release;
		};
		89CBDA9B1BB3B60500977804 /* Debug */ = {
			isa = XCBuildConfiguration;
			buildSettings = {
				ASSETCATALOG_COMPILER_APPICON_NAME = AppIcon;
				INFOPLIST_FILE = "ios-orientation/Info.plist";
				LD_RUNPATH_SEARCH_PATHS = "$(inherited) @executable_path/Frameworks";
				PRODUCT_BUNDLE_IDENTIFIER = "com.xiaolu.ios-orientation";
				PRODUCT_NAME = "$(TARGET_NAME)";
			};
			name = Debug;
		};
		89CBDA9C1BB3B60500977804 /* Release */ = {
			isa = XCBuildConfiguration;
			buildSettings = {
				ASSETCATALOG_COMPILER_APPICON_NAME = AppIcon;
				INFOPLIST_FILE = "ios-orientation/Info.plist";
				LD_RUNPATH_SEARCH_PATHS = "$(inherited) @executable_path/Frameworks";
				PRODUCT_BUNDLE_IDENTIFIER = "com.xiaolu.ios-orientation";
				PRODUCT_NAME = "$(TARGET_NAME)";
			};
			name = Release;
		};
		89CBDA9E1BB3B60500977804 /* Debug */ = {
			isa = XCBuildConfiguration;
			buildSettings = {
				BUNDLE_LOADER = "$(TEST_HOST)";
				INFOPLIST_FILE = "ios-orientationTests/Info.plist";
				LD_RUNPATH_SEARCH_PATHS = "$(inherited) @executable_path/Frameworks @loader_path/Frameworks";
				PRODUCT_BUNDLE_IDENTIFIER = "com.xiaolu.ios-orientationTests";
				PRODUCT_NAME = "$(TARGET_NAME)";
				TEST_HOST = "$(BUILT_PRODUCTS_DIR)/ios-orientation.app/ios-orientation";
			};
			name = Debug;
		};
		89CBDA9F1BB3B60500977804 /* Release */ = {
			isa = XCBuildConfiguration;
			buildSettings = {
				BUNDLE_LOADER = "$(TEST_HOST)";
				INFOPLIST_FILE = "ios-orientationTests/Info.plist";
				LD_RUNPATH_SEARCH_PATHS = "$(inherited) @executable_path/Frameworks @loader_path/Frameworks";
				PRODUCT_BUNDLE_IDENTIFIER = "com.xiaolu.ios-orientationTests";
				PRODUCT_NAME = "$(TARGET_NAME)";
				TEST_HOST = "$(BUILT_PRODUCTS_DIR)/ios-orientation.app/ios-orientation";
			};
			name = Release;
		};
		89CBDAA11BB3B60500977804 /* Debug */ = {
			isa = XCBuildConfiguration;
			buildSettings = {
				INFOPLIST_FILE = "ios-orientationUITests/Info.plist";
				LD_RUNPATH_SEARCH_PATHS = "$(inherited) @executable_path/Frameworks @loader_path/Frameworks";
				PRODUCT_BUNDLE_IDENTIFIER = "com.xiaolu.ios-orientationUITests";
				PRODUCT_NAME = "$(TARGET_NAME)";
				TEST_TARGET_NAME = "ios-orientation";
				USES_XCTRUNNER = YES;
			};
			name = Debug;
		};
		89CBDAA21BB3B60500977804 /* Release */ = {
			isa = XCBuildConfiguration;
			buildSettings = {
				INFOPLIST_FILE = "ios-orientationUITests/Info.plist";
				LD_RUNPATH_SEARCH_PATHS = "$(inherited) @executable_path/Frameworks @loader_path/Frameworks";
				PRODUCT_BUNDLE_IDENTIFIER = "com.xiaolu.ios-orientationUITests";
				PRODUCT_NAME = "$(TARGET_NAME)";
				TEST_TARGET_NAME = "ios-orientation";
				USES_XCTRUNNER = YES;
			};
			name = Release;
		};
/* End XCBuildConfiguration section */

/* Begin XCConfigurationList section */
		89CBDA6D1BB3B60500977804 /* Build configuration list for PBXProject "ios-orientation" */ = {
			isa = XCConfigurationList;
			buildConfigurations = (
				89CBDA981BB3B60500977804 /* Debug */,
				89CBDA991BB3B60500977804 /* Release */,
			);
			defaultConfigurationIsVisible = 0;
			defaultConfigurationName = Release;
		};
		89CBDA9A1BB3B60500977804 /* Build configuration list for PBXNativeTarget "ios-orientation" */ = {
			isa = XCConfigurationList;
			buildConfigurations = (
				89CBDA9B1BB3B60500977804 /* Debug */,
				89CBDA9C1BB3B60500977804 /* Release */,
			);
			defaultConfigurationIsVisible = 0;
		};
		89CBDA9D1BB3B60500977804 /* Build configuration list for PBXNativeTarget "ios-orientationTests" */ = {
			isa = XCConfigurationList;
			buildConfigurations = (
				89CBDA9E1BB3B60500977804 /* Debug */,
				89CBDA9F1BB3B60500977804 /* Release */,
			);
			defaultConfigurationIsVisible = 0;
		};
		89CBDAA01BB3B60500977804 /* Build configuration list for PBXNativeTarget "ios-orientationUITests" */ = {
			isa = XCConfigurationList;
			buildConfigurations = (
				89CBDAA11BB3B60500977804 /* Debug */,
				89CBDAA21BB3B60500977804 /* Release */,
			);
			defaultConfigurationIsVisible = 0;
		};
/* End XCConfigurationList section */
	};
	rootObject = 89CBDA6A1BB3B60500977804 /* Project object */;
}
